== Bootstrap started Mon Sep  8 09:28:30 KST 2025 ==

==================== Running terraform apply =====================
[0m[1mInitializing the backend...[0m
[0m[1mInitializing provider plugins...[0m
- Finding hashicorp/aws versions matching "~> 5.0"...
- Finding hashicorp/kubernetes versions matching "~> 2.23"...
- Using previously-installed hashicorp/kubernetes v2.38.0
- Using previously-installed hashicorp/aws v5.100.0

[0m[1m[32mTerraform has been successfully initialized![0m[32m[0m
[0m[32m
You may now begin working with Terraform. Try running "terraform plan" to see
any changes that are required for your infrastructure. All Terraform commands
should now work.

If you ever set or change modules or backend configuration for Terraform,
rerun this command to reinitialize your working directory. If you forget, other
commands will detect it and remind you to do so if necessary.[0m
[0m[1maws_ecr_repository.shop_backend: Refreshing state... [id=shop-backend][0m
[0m[1maws_vpc.main: Refreshing state... [id=vpc-015ae7e5481dec087][0m
[0m[1mdata.aws_caller_identity.current: Reading...[0m[0m
[0m[1maws_ecr_repository.shop_frontend: Refreshing state... [id=shop-frontend][0m
[0m[1maws_iam_policy.external_dns: Refreshing state... [id=arn:aws:iam::335507813633:policy/external-dns-route53-policy][0m
[0m[1mdata.aws_ami.bastion: Reading...[0m[0m
[0m[1maws_iam_role.external_dns: Refreshing state... [id=external-dns-pod-identity-role][0m
[0m[1maws_iam_role.bastion: Refreshing state... [id=my-eks-shop-cluster-bastion-role][0m
[0m[1maws_eip.nat_eip: Refreshing state... [id=eipalloc-0173a435844ec9e18][0m
[0m[1mdata.aws_caller_identity.current: Read complete after 0s [id=335507813633][0m
[0m[1maws_iam_role.shopping_mall_role: Refreshing state... [id=ShoppingMallPodRole-335507813633-my-eks-shop-cluster][0m
[0m[1maws_iam_role.eks_cluster: Refreshing state... [id=YourEKSClusterRole-335507813633-my-eks-shop-cluster][0m
[0m[1maws_iam_role.eks_node: Refreshing state... [id=YourEKSNodeRole-335507813633-my-eks-shop-cluster][0m
[0m[1mdata.aws_ami.bastion: Read complete after 1s [id=ami-068d7b3dd93d9c2a6][0m
[0m[1maws_subnet.private2: Refreshing state... [id=subnet-0665b494f7fa5a02a][0m
[0m[1maws_security_group.bastion: Refreshing state... [id=sg-06631deee73168748][0m
[0m[1maws_subnet.private1: Refreshing state... [id=subnet-00ffecedd47180cfb][0m
[0m[1maws_subnet.public1: Refreshing state... [id=subnet-0313877d69c9bc0ab][0m
[0m[1maws_security_group.redis: Refreshing state... [id=sg-0459c19c98b5be482][0m
[0m[1maws_subnet.public2: Refreshing state... [id=subnet-012408abb5e7f6ff2][0m
[0m[1maws_internet_gateway.igw: Refreshing state... [id=igw-0aa325e667a59ebdc][0m
[0m[1maws_security_group.db: Refreshing state... [id=sg-0570d50e922740424][0m
[0m[1maws_elasticache_subnet_group.redis: Refreshing state... [id=my-eks-shop-cluster-redis-subnet-group][0m
[0m[1maws_iam_role_policy_attachment.external_dns_attach: Refreshing state... [id=external-dns-pod-identity-role-20250907235358488700000008][0m
[0m[1maws_db_subnet_group.db: Refreshing state... [id=my-eks-shop-cluster-db-subnet-group][0m
[0m[1maws_iam_instance_profile.bastion: Refreshing state... [id=my-eks-shop-cluster-bastion-profile][0m
[0m[1maws_iam_role_policy_attachment.bastion_policies["admin"]: Refreshing state... [id=my-eks-shop-cluster-bastion-role-2025090723535905010000000b][0m
[0m[1maws_iam_role_policy_attachment.cluster_policies[4]: Refreshing state... [id=YourEKSClusterRole-335507813633-my-eks-shop-cluster-20250907235358184700000003][0m
[0m[1maws_iam_role_policy_attachment.cluster_policies[1]: Refreshing state... [id=YourEKSClusterRole-335507813633-my-eks-shop-cluster-20250907235358208400000005][0m
[0m[1maws_iam_role_policy_attachment.cluster_policies[0]: Refreshing state... [id=YourEKSClusterRole-335507813633-my-eks-shop-cluster-20250907235358179600000002][0m
[0m[1maws_iam_role_policy_attachment.cluster_policies[2]: Refreshing state... [id=YourEKSClusterRole-335507813633-my-eks-shop-cluster-20250907235358202900000004][0m
[0m[1maws_iam_role_policy_attachment.cluster_policies[3]: Refreshing state... [id=YourEKSClusterRole-335507813633-my-eks-shop-cluster-20250907235358179600000001][0m
[0m[1maws_route_table.public: Refreshing state... [id=rtb-09fc02b9d0c813f49][0m
[0m[1maws_nat_gateway.nat: Refreshing state... [id=nat-014a061b531ec2704][0m
[0m[1maws_iam_role_policy_attachment.node_policies[2]: Refreshing state... [id=YourEKSNodeRole-335507813633-my-eks-shop-cluster-20250907235358252600000006][0m
[0m[1maws_iam_role_policy_attachment.node_policies[0]: Refreshing state... [id=YourEKSNodeRole-335507813633-my-eks-shop-cluster-20250907235358487000000007][0m
[0m[1maws_iam_role_policy_attachment.node_policies[1]: Refreshing state... [id=YourEKSNodeRole-335507813633-my-eks-shop-cluster-20250907235358490600000009][0m
[0m[1maws_route_table_association.public2: Refreshing state... [id=rtbassoc-05d198d5c5e345e28][0m
[0m[1maws_route_table_association.public1: Refreshing state... [id=rtbassoc-039b453967b7979c5][0m
[0m[1maws_iam_role_policy_attachment.shopping_mall_ecr_policy: Refreshing state... [id=ShoppingMallPodRole-335507813633-my-eks-shop-cluster-2025090723535901800000000a][0m
[0m[1maws_eks_cluster.eks: Refreshing state... [id=my-eks-shop-cluster][0m
[0m[1maws_iam_role_policy.shopping_mall_policy: Refreshing state... [id=ShoppingMallPodRole-335507813633-my-eks-shop-cluster:ShoppingMallPolicy-335507813633-my-eks-shop-cluster][0m
[0m[1maws_route_table.private: Refreshing state... [id=rtb-06b80a9a6ac68d938][0m
[0m[1maws_db_instance.db: Refreshing state... [id=db-Q554EH7FCZTXHUK4QXSSGBBAQY][0m
[0m[1maws_route_table_association.private1: Refreshing state... [id=rtbassoc-0b5642dc86bd36374][0m
[0m[1maws_route_table_association.private2: Refreshing state... [id=rtbassoc-05db507515ff0cf3d][0m
[0m[1maws_elasticache_cluster.redis: Refreshing state... [id=my-eks-shop-cluster-redis][0m
[0m[1mdata.aws_eks_cluster_auth.eks: Reading...[0m[0m
[0m[1maws_eks_addon.kube_proxy: Refreshing state... [id=my-eks-shop-cluster:kube-proxy][0m
[0m[1mdata.aws_eks_cluster.eks: Reading...[0m[0m
[0m[1maws_eks_access_entry.bastion: Refreshing state... [id=my-eks-shop-cluster:arn:aws:iam::335507813633:role/my-eks-shop-cluster-bastion-role][0m
[0m[1mdata.aws_eks_cluster_auth.eks: Read complete after 0s [id=my-eks-shop-cluster][0m
[0m[1maws_eks_addon.pod_identity_agent: Refreshing state... [id=my-eks-shop-cluster:eks-pod-identity-agent][0m
[0m[1maws_eks_addon.vpc_cni: Refreshing state... [id=my-eks-shop-cluster:vpc-cni][0m
[0m[1maws_instance.bastion: Refreshing state... [id=i-02ebed9cc315d091f][0m
[0m[1mdata.aws_eks_cluster.eks: Read complete after 1s [id=my-eks-shop-cluster][0m

Terraform used the selected providers to generate the following execution
plan. Resource actions are indicated with the following symbols:
  [32m+[0m create[0m
[31m-[0m/[32m+[0m destroy and then create replacement[0m

Terraform will perform the following actions:

[1m  # aws_eks_addon.coredns[0m will be created
[0m  [32m+[0m[0m resource "aws_eks_addon" "coredns" {
      [32m+[0m[0m addon_name           = "coredns"
      [32m+[0m[0m addon_version        = (known after apply)
      [32m+[0m[0m arn                  = (known after apply)
      [32m+[0m[0m cluster_name         = "my-eks-shop-cluster"
      [32m+[0m[0m configuration_values = (known after apply)
      [32m+[0m[0m created_at           = (known after apply)
      [32m+[0m[0m id                   = (known after apply)
      [32m+[0m[0m modified_at          = (known after apply)
      [32m+[0m[0m tags_all             = (known after apply)
    }

[1m  # aws_eks_addon.kube_proxy[0m is tainted, so must be [1m[31mreplaced[0m
[0m[31m-[0m/[32m+[0m[0m resource "aws_eks_addon" "kube_proxy" {
      [33m~[0m[0m addon_version            = "v1.33.0-eksbuild.2" -> (known after apply)
      [33m~[0m[0m arn                      = "arn:aws:eks:ap-northeast-2:335507813633:addon/my-eks-shop-cluster/kube-proxy/9ecc9351-17e0-9997-6201-be5e311bb393" -> (known after apply)
      [32m+[0m[0m configuration_values     = (known after apply)
      [33m~[0m[0m created_at               = "2025-09-08T00:03:07Z" -> (known after apply)
      [33m~[0m[0m id                       = "my-eks-shop-cluster:kube-proxy" -> (known after apply)
      [33m~[0m[0m modified_at              = "2025-09-08T00:03:34Z" -> (known after apply)
      [31m-[0m[0m tags                     = {} [90m-> null[0m[0m
      [33m~[0m[0m tags_all                 = {} -> (known after apply)
        [90m# (3 unchanged attributes hidden)[0m[0m
    }

[1m  # aws_eks_addon.pod_identity_agent[0m is tainted, so must be [1m[31mreplaced[0m
[0m[31m-[0m/[32m+[0m[0m resource "aws_eks_addon" "pod_identity_agent" {
      [33m~[0m[0m addon_version            = "v1.3.8-eksbuild.2" -> (known after apply)
      [33m~[0m[0m arn                      = "arn:aws:eks:ap-northeast-2:335507813633:addon/my-eks-shop-cluster/eks-pod-identity-agent/88cc9351-17e2-8bb9-03a5-a57f19711de2" -> (known after apply)
      [32m+[0m[0m configuration_values     = (known after apply)
      [33m~[0m[0m created_at               = "2025-09-08T00:03:07Z" -> (known after apply)
      [33m~[0m[0m id                       = "my-eks-shop-cluster:eks-pod-identity-agent" -> (known after apply)
      [33m~[0m[0m modified_at              = "2025-09-08T00:03:43Z" -> (known after apply)
      [31m-[0m[0m tags                     = {} [90m-> null[0m[0m
      [33m~[0m[0m tags_all                 = {} -> (known after apply)
        [90m# (3 unchanged attributes hidden)[0m[0m
    }

[1m  # aws_eks_node_group.nodes[0m will be created
[0m  [32m+[0m[0m resource "aws_eks_node_group" "nodes" {
      [32m+[0m[0m ami_type               = "AL2023_x86_64_STANDARD"
      [32m+[0m[0m arn                    = (known after apply)
      [32m+[0m[0m capacity_type          = "ON_DEMAND"
      [32m+[0m[0m cluster_name           = "my-eks-shop-cluster"
      [32m+[0m[0m disk_size              = 20
      [32m+[0m[0m id                     = (known after apply)
      [32m+[0m[0m instance_types         = [
          [32m+[0m[0m "m7i-flex.large",
        ]
      [32m+[0m[0m node_group_name        = "YourEKSNodeGroups"
      [32m+[0m[0m node_group_name_prefix = (known after apply)
      [32m+[0m[0m node_role_arn          = "arn:aws:iam::335507813633:role/YourEKSNodeRole-335507813633-my-eks-shop-cluster"
      [32m+[0m[0m release_version        = (known after apply)
      [32m+[0m[0m resources              = (known after apply)
      [32m+[0m[0m status                 = (known after apply)
      [32m+[0m[0m subnet_ids             = [
          [32m+[0m[0m "subnet-00ffecedd47180cfb",
          [32m+[0m[0m "subnet-0665b494f7fa5a02a",
        ]
      [32m+[0m[0m tags_all               = (known after apply)
      [32m+[0m[0m version                = (known after apply)

      [32m+[0m[0m node_repair_config (known after apply)

      [32m+[0m[0m remote_access {
          [32m+[0m[0m ec2_ssh_key = "LetMeIn"
        }

      [32m+[0m[0m scaling_config {
          [32m+[0m[0m desired_size = 4
          [32m+[0m[0m max_size     = 4
          [32m+[0m[0m min_size     = 4
        }

      [32m+[0m[0m update_config (known after apply)
    }

[1m  # aws_eks_pod_identity_association.external_dns[0m will be created
[0m  [32m+[0m[0m resource "aws_eks_pod_identity_association" "external_dns" {
      [32m+[0m[0m association_arn = (known after apply)
      [32m+[0m[0m association_id  = (known after apply)
      [32m+[0m[0m cluster_name    = "my-eks-shop-cluster"
      [32m+[0m[0m id              = (known after apply)
      [32m+[0m[0m namespace       = "kube-system"
      [32m+[0m[0m role_arn        = "arn:aws:iam::335507813633:role/external-dns-pod-identity-role"
      [32m+[0m[0m service_account = "external-dns"
      [32m+[0m[0m tags_all        = {}
    }

[1m  # aws_eks_pod_identity_association.shopping_mall[0m will be created
[0m  [32m+[0m[0m resource "aws_eks_pod_identity_association" "shopping_mall" {
      [32m+[0m[0m association_arn = (known after apply)
      [32m+[0m[0m association_id  = (known after apply)
      [32m+[0m[0m cluster_name    = "my-eks-shop-cluster"
      [32m+[0m[0m id              = (known after apply)
      [32m+[0m[0m namespace       = "shop"
      [32m+[0m[0m role_arn        = "arn:aws:iam::335507813633:role/ShoppingMallPodRole-335507813633-my-eks-shop-cluster"
      [32m+[0m[0m service_account = "shopping-mall-sa"
      [32m+[0m[0m tags_all        = {}
    }

[1m  # kubernetes_cluster_role_binding.bastion_admin[0m will be created
[0m  [32m+[0m[0m resource "kubernetes_cluster_role_binding" "bastion_admin" {
      [32m+[0m[0m id = (known after apply)

      [32m+[0m[0m metadata {
          [32m+[0m[0m generation       = (known after apply)
          [32m+[0m[0m name             = "bastion-admin-binding"
          [32m+[0m[0m resource_version = (known after apply)
          [32m+[0m[0m uid              = (known after apply)
        }

      [32m+[0m[0m role_ref {
          [32m+[0m[0m api_group = "rbac.authorization.k8s.io"
          [32m+[0m[0m kind      = "ClusterRole"
          [32m+[0m[0m name      = "cluster-admin"
        }

      [32m+[0m[0m subject {
          [32m+[0m[0m api_group = "rbac.authorization.k8s.io"
          [32m+[0m[0m kind      = "Group"
          [32m+[0m[0m name      = "eks-admins"
          [32m+[0m[0m namespace = "default"
        }
    }

[1m  # kubernetes_namespace.shop[0m will be created
[0m  [32m+[0m[0m resource "kubernetes_namespace" "shop" {
      [32m+[0m[0m id                               = (known after apply)
      [32m+[0m[0m wait_for_default_service_account = false

      [32m+[0m[0m metadata {
          [32m+[0m[0m generation       = (known after apply)
          [32m+[0m[0m name             = "shop"
          [32m+[0m[0m resource_version = (known after apply)
          [32m+[0m[0m uid              = (known after apply)
        }
    }

[1m  # kubernetes_service_account.shopping_mall[0m will be created
[0m  [32m+[0m[0m resource "kubernetes_service_account" "shopping_mall" {
      [32m+[0m[0m automount_service_account_token = true
      [32m+[0m[0m default_secret_name             = (known after apply)
      [32m+[0m[0m id                              = (known after apply)

      [32m+[0m[0m metadata {
          [32m+[0m[0m generation       = (known after apply)
          [32m+[0m[0m name             = "shopping-mall-sa"
          [32m+[0m[0m namespace        = "shop"
          [32m+[0m[0m resource_version = (known after apply)
          [32m+[0m[0m uid              = (known after apply)
        }
    }

[1mPlan:[0m 9 to add, 0 to change, 2 to destroy.
[0m
Changes to Outputs:
  [32m+[0m[0m pod_identity_association_id   = (known after apply)
[0m[1maws_eks_addon.pod_identity_agent: Destroying... [id=my-eks-shop-cluster:eks-pod-identity-agent][0m[0m
[0m[1maws_eks_addon.kube_proxy: Destroying... [id=my-eks-shop-cluster:kube-proxy][0m[0m
[0m[1maws_eks_addon.kube_proxy: Destruction complete after 2s[0m
[0m[1maws_eks_addon.pod_identity_agent: Destruction complete after 2s[0m
[0m[1maws_eks_addon.pod_identity_agent: Creating...[0m[0m
[0m[1maws_eks_addon.kube_proxy: Creating...[0m[0m
[0m[1maws_eks_addon.pod_identity_agent: Creation complete after 9s [id=my-eks-shop-cluster:eks-pod-identity-agent][0m
[0m[1maws_eks_addon.kube_proxy: Creation complete after 10s [id=my-eks-shop-cluster:kube-proxy][0m
[0m[1maws_eks_node_group.nodes: Creating...[0m[0m
[0m[1maws_eks_node_group.nodes: Still creating... [00m10s elapsed][0m[0m
[0m[1maws_eks_node_group.nodes: Still creating... [00m20s elapsed][0m[0m
[0m[1maws_eks_node_group.nodes: Still creating... [00m30s elapsed][0m[0m
[0m[1maws_eks_node_group.nodes: Still creating... [00m40s elapsed][0m[0m
[0m[1maws_eks_node_group.nodes: Still creating... [00m50s elapsed][0m[0m
[0m[1maws_eks_node_group.nodes: Still creating... [01m00s elapsed][0m[0m
[0m[1maws_eks_node_group.nodes: Still creating... [01m10s elapsed][0m[0m
[0m[1maws_eks_node_group.nodes: Still creating... [01m20s elapsed][0m[0m
[0m[1maws_eks_node_group.nodes: Still creating... [01m30s elapsed][0m[0m
[0m[1maws_eks_node_group.nodes: Still creating... [01m40s elapsed][0m[0m
[0m[1maws_eks_node_group.nodes: Creation complete after 1m49s [id=my-eks-shop-cluster:YourEKSNodeGroups][0m
[0m[1maws_eks_addon.coredns: Creating...[0m[0m
[0m[1maws_eks_pod_identity_association.external_dns: Creating...[0m[0m
[0m[1maws_eks_pod_identity_association.external_dns: Creation complete after 2s [id=a-aowmnmozg84i2csnh][0m
[0m[1maws_eks_addon.coredns: Still creating... [00m10s elapsed][0m[0m
[0m[1maws_eks_addon.coredns: Creation complete after 15s [id=my-eks-shop-cluster:coredns][0m
[0m[1mkubernetes_namespace.shop: Creating...[0m[0m
[0m[1mkubernetes_namespace.shop: Creation complete after 1s [id=shop][0m
[0m[1mkubernetes_cluster_role_binding.bastion_admin: Creating...[0m[0m
[0m[1mkubernetes_service_account.shopping_mall: Creating...[0m[0m
[0m[1mkubernetes_cluster_role_binding.bastion_admin: Creation complete after 0s [id=bastion-admin-binding][0m
[0m[1mkubernetes_service_account.shopping_mall: Creation complete after 0s [id=shop/shopping-mall-sa][0m
[0m[1maws_eks_pod_identity_association.shopping_mall: Creating...[0m[0m
[0m[1maws_eks_pod_identity_association.shopping_mall: Creation complete after 1s [id=a-czd1mrc4wohwqk2pc][0m
[0m[1m[32m
Apply complete! Resources: 9 added, 0 changed, 2 destroyed.
[0m[0m[1m[32m
Outputs:

[0mbastion_key_name = "LetMeIn"
bastion_public_ip = "3.36.113.7"
cluster_endpoint = "https://12EB9A4736ECFDD2443007B27C24FBB0.gr7.ap-northeast-2.eks.amazonaws.com"
cluster_name = "my-eks-shop-cluster"
pod_identity_association_id = "a-czd1mrc4wohwqk2pc"
rds_endpoint = "my-eks-shop-cluster-db.cb0k6umqm9t7.ap-northeast-2.rds.amazonaws.com"
redis_endpoint = "my-eks-shop-cluster-redis.ljxdqv.0001.apn2.cache.amazonaws.com"
shopping_mall_role_arn = "arn:aws:iam::335507813633:role/ShoppingMallPodRole-335507813633-my-eks-shop-cluster"
shopping_mall_service_account = "shopping-mall-sa"
vpc_id = "vpc-015ae7e5481dec087"

==================== Collecting terraform outputs =====================
Cluster name     : my-eks-shop-cluster
Bastion public IP: 3.36.113.7
RDS endpoint     : my-eks-shop-cluster-db.cb0k6umqm9t7.ap-northeast-2.rds.amazonaws.com
Redis endpoint   : my-eks-shop-cluster-redis.ljxdqv.0001.apn2.cache.amazonaws.com
AWS Account ID   : 335507813633

==================== Uploading application artefacts to bastion =====================
Warning: Permanently added '3.36.113.7' (ED25519) to the list of known hosts.

==================== Copying environment variables to bastion =====================
Warning: Permanently added '3.36.113.7' (ED25519) to the list of known hosts.
Warning: Permanently added '3.36.113.7' (ED25519) to the list of known hosts.

==================== Bootstrap completed =====================
Terraform apply and file transfers are complete.  Please SSH into the bastion host (3.36.113.7) and source ~/env.sh to load the environment variables.  You can then run ~/remote_deploy.sh manually or execute commands interactively to deploy your application.
