== Bootstrap started Tue, Sep  9, 2025 11:05:17 AM ==

==================== Running terraform apply =====================
[0m[1mInitializing the backend...[0m
[0m[1mUpgrading modules...[0m
- bastion in modules\BASTION
- dns in modules\DNS
- eks in modules\EKS
- rds in modules\RDS
- redis in modules\REDIS
- vpc in modules\VPC
[0m[1mInitializing provider plugins...[0m
- Finding hashicorp/kubernetes versions matching "~> 2.23"...
- Finding hashicorp/aws versions matching "~> 5.0"...
- Using previously-installed hashicorp/kubernetes v2.38.0
- Using previously-installed hashicorp/aws v5.100.0

[0m[1m[32mTerraform has been successfully initialized![0m[32m[0m
[0m[32m
You may now begin working with Terraform. Try running "terraform plan" to see
any changes that are required for your infrastructure. All Terraform commands
should now work.

If you ever set or change modules or backend configuration for Terraform,
rerun this command to reinitialize your working directory. If you forget, other
commands will detect it and remind you to do so if necessary.[0m
[0m[1mdata.aws_caller_identity.current: Reading...[0m[0m
[0m[1mmodule.bastion.data.aws_ami.bastion: Reading...[0m[0m
[0m[1maws_iam_role.bastion: Refreshing state... [id=my-eks-shop-cluster-bastion-role][0m
[0m[1mmodule.vpc.aws_vpc.main: Refreshing state... [id=vpc-0f01002dc010c4797][0m
[0m[1mdata.aws_ami.bastion: Reading...[0m[0m
[0m[1mmodule.redis.aws_elasticache_parameter_group.redis: Refreshing state... [id=my-eks-shop-cluster-redis-params][0m
[0m[1mmodule.vpc.aws_eip.nat_eip: Refreshing state... [id=eipalloc-0f1db75f28753c751][0m
[0m[1mdata.aws_caller_identity.current: Read complete after 0s [id=335507813633][0m
[0m[1mmodule.eks.aws_iam_role.eks_node: Refreshing state... [id=YourEKSNodeRole-335507813633-my-eks-shop-cluster][0m
[0m[1mmodule.eks.aws_iam_role.shopping_mall_role: Refreshing state... [id=ShoppingMallPodRole-335507813633-my-eks-shop-cluster][0m
[0m[1mmodule.bastion.aws_iam_role.bastion: Refreshing state... [id=bastion-role-335507813633-my-eks-shop-cluster][0m
[0m[1mmodule.eks.aws_iam_role.eks_cluster: Refreshing state... [id=YourEKSClusterRole-335507813633-my-eks-shop-cluster][0m
[0m[1mdata.aws_ami.bastion: Read complete after 1s [id=ami-0ae2c887094315bed][0m
[0m[1mmodule.bastion.data.aws_ami.bastion: Read complete after 1s [id=ami-068d7b3dd93d9c2a6][0m
[0m[1mmodule.vpc.aws_internet_gateway.igw: Refreshing state... [id=igw-0e5181c15c62846dd][0m
[0m[1mmodule.vpc.aws_subnet.private1: Refreshing state... [id=subnet-0baacecc2ecd21547][0m
[0m[1mmodule.vpc.aws_subnet.public2: Refreshing state... [id=subnet-0ebd02cda259e72d5][0m
[0m[1mmodule.vpc.aws_subnet.private2: Refreshing state... [id=subnet-0b539bfe5869b67f8][0m
[0m[1mmodule.vpc.aws_subnet.public1: Refreshing state... [id=subnet-0fc3462a545a1041d][0m
[0m[1maws_security_group.bastion: Refreshing state... [id=sg-0833ba59249d9714e][0m
[0m[1mmodule.redis.aws_security_group.redis: Refreshing state... [id=sg-08dd492efd4d3130a][0m
[0m[1mmodule.rds.aws_security_group.db: Refreshing state... [id=sg-038e19791877a2518][0m
[0m[1mmodule.bastion.aws_security_group.bastion: Refreshing state... [id=sg-0c2ad7e58e7ac58a9][0m
[0m[1mmodule.vpc.aws_route_table.public: Refreshing state... [id=rtb-095273ac8a96176ac][0m
[0m[1mmodule.vpc.aws_nat_gateway.nat: Refreshing state... [id=nat-073ea2b1671d2581e][0m
[0m[1mmodule.rds.aws_db_subnet_group.db: Refreshing state... [id=my-eks-shop-cluster-db-subnet-group][0m
[0m[1mmodule.redis.aws_elasticache_subnet_group.redis: Refreshing state... [id=my-eks-shop-cluster-redis-subnet-group][0m
[0m[1mmodule.vpc.aws_route_table.private: Refreshing state... [id=rtb-0cc039baa7fd7cb2a][0m
[0m[1mmodule.vpc.aws_route_table_association.public1: Refreshing state... [id=rtbassoc-066bd064f99d2da3b][0m
[0m[1mmodule.vpc.aws_route_table_association.public2: Refreshing state... [id=rtbassoc-09325d97ceeba47cf][0m
[0m[1mmodule.vpc.aws_route_table_association.private2: Refreshing state... [id=rtbassoc-0cae7777f4c26d464][0m
[0m[1mmodule.vpc.aws_route_table_association.private1: Refreshing state... [id=rtbassoc-00aebced3ead895c5][0m
[0m[1mmodule.rds.aws_db_instance.db: Refreshing state... [id=db-LBRKWC7AXVYCOOUQMJSCFJA7VE][0m
[0m[1mmodule.redis.aws_elasticache_cluster.redis: Refreshing state... [id=my-eks-shop-cluster-redis][0m
[0m[1mmodule.eks.aws_iam_role_policy_attachment.node_policies[2]: Refreshing state... [id=YourEKSNodeRole-335507813633-my-eks-shop-cluster-20250909011040172500000004][0m
[0m[1mmodule.eks.aws_iam_role_policy_attachment.node_policies[0]: Refreshing state... [id=YourEKSNodeRole-335507813633-my-eks-shop-cluster-20250909011040116500000003][0m
[0m[1mmodule.eks.aws_iam_role_policy_attachment.node_policies[1]: Refreshing state... [id=YourEKSNodeRole-335507813633-my-eks-shop-cluster-20250909011040333400000005][0m
[0m[1mmodule.eks.aws_iam_role_policy_attachment.cluster_policies[4]: Refreshing state... [id=YourEKSClusterRole-335507813633-my-eks-shop-cluster-20250909011040658100000009][0m
[0m[1mmodule.eks.aws_iam_role_policy_attachment.cluster_policies[3]: Refreshing state... [id=YourEKSClusterRole-335507813633-my-eks-shop-cluster-2025090901104121370000000b][0m
[0m[1mmodule.eks.aws_iam_role_policy_attachment.cluster_policies[2]: Refreshing state... [id=YourEKSClusterRole-335507813633-my-eks-shop-cluster-20250909011040616400000008][0m
[0m[1mmodule.eks.aws_iam_role_policy_attachment.cluster_policies[0]: Refreshing state... [id=YourEKSClusterRole-335507813633-my-eks-shop-cluster-20250909011040448500000007][0m
[0m[1mmodule.eks.aws_iam_role_policy_attachment.cluster_policies[1]: Refreshing state... [id=YourEKSClusterRole-335507813633-my-eks-shop-cluster-2025090901104088920000000a][0m
[0m[1maws_iam_role_policy_attachment.bastion_policies["admin"]: Refreshing state... [id=my-eks-shop-cluster-bastion-role-20250909011040105600000002][0m
[0m[1mmodule.eks.aws_iam_role_policy.shopping_mall_policy: Refreshing state... [id=ShoppingMallPodRole-335507813633-my-eks-shop-cluster:ShoppingMallPolicy-335507813633-my-eks-shop-cluster][0m
[0m[1mmodule.eks.aws_iam_role_policy_attachment.shopping_mall_ecr_policy: Refreshing state... [id=ShoppingMallPodRole-335507813633-my-eks-shop-cluster-20250909011040377100000006][0m
[0m[1mmodule.eks.aws_eks_cluster.eks: Refreshing state... [id=my-eks-shop-cluster][0m
[0m[1mmodule.bastion.aws_iam_role_policy.bastion: Refreshing state... [id=bastion-role-335507813633-my-eks-shop-cluster:bastion-policy-335507813633-my-eks-shop-cluster][0m
[0m[1mmodule.bastion.aws_iam_instance_profile.bastion: Refreshing state... [id=bastion-profile-335507813633-my-eks-shop-cluster][0m
[0m[1mmodule.bastion.aws_eks_access_entry.bastion: Refreshing state... [id=my-eks-shop-cluster:arn:aws:iam::335507813633:role/bastion-role-335507813633-my-eks-shop-cluster][0m
[0m[1mdata.aws_eks_cluster_auth.eks: Reading...[0m[0m
[0m[1mdata.aws_eks_cluster.eks: Reading...[0m[0m
[0m[1mmodule.eks.aws_eks_addon.vpc_cni: Refreshing state... [id=my-eks-shop-cluster:vpc-cni][0m
[0m[1mmodule.eks.aws_eks_addon.kube_proxy: Refreshing state... [id=my-eks-shop-cluster:kube-proxy][0m
[0m[1mmodule.eks.aws_eks_addon.pod_identity_agent: Refreshing state... [id=my-eks-shop-cluster:eks-pod-identity-agent][0m
[0m[1mdata.aws_eks_cluster_auth.eks: Read complete after 0s [id=my-eks-shop-cluster][0m
[0m[1mdata.aws_eks_cluster.eks: Read complete after 0s [id=my-eks-shop-cluster][0m
[0m[1mmodule.bastion.aws_instance.bastion: Refreshing state... [id=i-03e7ff430137cc436][0m
[0m[1mmodule.eks.aws_eks_node_group.nodes: Refreshing state... [id=my-eks-shop-cluster:YourEKSNodeGroups][0m
[0m[1mmodule.eks.aws_eks_addon.coredns: Refreshing state... [id=my-eks-shop-cluster:coredns][0m
[0m[1mmodule.eks.kubernetes_namespace.shop: Refreshing state... [id=shop][0m
[0m[1mmodule.eks.kubernetes_service_account.shopping_mall: Refreshing state... [id=shop/shopping-mall-sa][0m
[0m[1mmodule.eks.aws_eks_pod_identity_association.shopping_mall: Refreshing state... [id=a-90idhlfet1wps08vr][0m
[0m[1maws_eks_access_entry.bastion: Refreshing state... [id=my-eks-shop-cluster:arn:aws:iam::335507813633:role/my-eks-shop-cluster-bastion-role][0m
[0m[1mmodule.dns.aws_iam_policy.external_dns: Refreshing state... [id=arn:aws:iam::335507813633:policy/external-dns-route53-policy-335507813633-my-eks-shop-cluster][0m
[0m[1mmodule.dns.aws_iam_role.external_dns: Refreshing state... [id=external-dns-pod-identity-role-335507813633-my-eks-shop-cluster][0m
[0m[1mkubernetes_cluster_role_binding.bastion_admin: Refreshing state... [id=bastion-admin-binding][0m
[0m[1mmodule.dns.aws_iam_role_policy_attachment.external_dns_attach: Refreshing state... [id=external-dns-pod-identity-role-335507813633-my-eks-shop-cluster-20250909005943804700000002][0m
[0m[1mmodule.dns.aws_eks_pod_identity_association.external_dns: Refreshing state... [id=a-hlihk7ffnnt2jykq8][0m

Terraform used the selected providers to generate the following execution
plan. Resource actions are indicated with the following symbols:
  [32m+[0m create[0m

Terraform will perform the following actions:

[1m  # aws_iam_instance_profile.bastion[0m will be created
[0m  [32m+[0m[0m resource "aws_iam_instance_profile" "bastion" {
      [32m+[0m[0m arn         = (known after apply)
      [32m+[0m[0m create_date = (known after apply)
      [32m+[0m[0m id          = (known after apply)
      [32m+[0m[0m name        = "bastion-profile-335507813633-my-eks-shop-cluster"
      [32m+[0m[0m name_prefix = (known after apply)
      [32m+[0m[0m path        = "/"
      [32m+[0m[0m role        = "my-eks-shop-cluster-bastion-role"
      [32m+[0m[0m tags_all    = (known after apply)
      [32m+[0m[0m unique_id   = (known after apply)
    }

[1m  # aws_instance.bastion[0m will be created
[0m  [32m+[0m[0m resource "aws_instance" "bastion" {
      [32m+[0m[0m ami                                  = "ami-0ae2c887094315bed"
      [32m+[0m[0m arn                                  = (known after apply)
      [32m+[0m[0m associate_public_ip_address          = true
      [32m+[0m[0m availability_zone                    = (known after apply)
      [32m+[0m[0m cpu_core_count                       = (known after apply)
      [32m+[0m[0m cpu_threads_per_core                 = (known after apply)
      [32m+[0m[0m disable_api_stop                     = (known after apply)
      [32m+[0m[0m disable_api_termination              = (known after apply)
      [32m+[0m[0m ebs_optimized                        = (known after apply)
      [32m+[0m[0m enable_primary_ipv6                  = (known after apply)
      [32m+[0m[0m get_password_data                    = false
      [32m+[0m[0m host_id                              = (known after apply)
      [32m+[0m[0m host_resource_group_arn              = (known after apply)
      [32m+[0m[0m iam_instance_profile                 = "bastion-profile-335507813633-my-eks-shop-cluster"
      [32m+[0m[0m id                                   = (known after apply)
      [32m+[0m[0m instance_initiated_shutdown_behavior = (known after apply)
      [32m+[0m[0m instance_lifecycle                   = (known after apply)
      [32m+[0m[0m instance_state                       = (known after apply)
      [32m+[0m[0m instance_type                        = "t3.large"
      [32m+[0m[0m ipv6_address_count                   = (known after apply)
      [32m+[0m[0m ipv6_addresses                       = (known after apply)
      [32m+[0m[0m key_name                             = "LetMeIn"
      [32m+[0m[0m monitoring                           = (known after apply)
      [32m+[0m[0m outpost_arn                          = (known after apply)
      [32m+[0m[0m password_data                        = (known after apply)
      [32m+[0m[0m placement_group                      = (known after apply)
      [32m+[0m[0m placement_partition_number           = (known after apply)
      [32m+[0m[0m primary_network_interface_id         = (known after apply)
      [32m+[0m[0m private_dns                          = (known after apply)
      [32m+[0m[0m private_ip                           = (known after apply)
      [32m+[0m[0m public_dns                           = (known after apply)
      [32m+[0m[0m public_ip                            = (known after apply)
      [32m+[0m[0m secondary_private_ips                = (known after apply)
      [32m+[0m[0m security_groups                      = (known after apply)
      [32m+[0m[0m source_dest_check                    = true
      [32m+[0m[0m spot_instance_request_id             = (known after apply)
      [32m+[0m[0m subnet_id                            = "subnet-0fc3462a545a1041d"
      [32m+[0m[0m tags                                 = {
          [32m+[0m[0m "Name" = "my-eks-shop-cluster-bastion"
        }
      [32m+[0m[0m tags_all                             = {
          [32m+[0m[0m "Name" = "my-eks-shop-cluster-bastion"
        }
      [32m+[0m[0m tenancy                              = (known after apply)
      [32m+[0m[0m user_data                            = "b6cee04d9df13814e9c4f22782647d2a4a812330"
      [32m+[0m[0m user_data_base64                     = (known after apply)
      [32m+[0m[0m user_data_replace_on_change          = false
      [32m+[0m[0m vpc_security_group_ids               = [
          [32m+[0m[0m "sg-0318c9622551931af",
          [32m+[0m[0m "sg-0833ba59249d9714e",
        ]

      [32m+[0m[0m capacity_reservation_specification (known after apply)

      [32m+[0m[0m cpu_options (known after apply)

      [32m+[0m[0m ebs_block_device (known after apply)

      [32m+[0m[0m enclave_options (known after apply)

      [32m+[0m[0m ephemeral_block_device (known after apply)

      [32m+[0m[0m instance_market_options (known after apply)

      [32m+[0m[0m maintenance_options (known after apply)

      [32m+[0m[0m metadata_options (known after apply)

      [32m+[0m[0m network_interface (known after apply)

      [32m+[0m[0m private_dns_name_options (known after apply)

      [32m+[0m[0m root_block_device {
          [32m+[0m[0m delete_on_termination = true
          [32m+[0m[0m device_name           = (known after apply)
          [32m+[0m[0m encrypted             = (known after apply)
          [32m+[0m[0m iops                  = (known after apply)
          [32m+[0m[0m kms_key_id            = (known after apply)
          [32m+[0m[0m tags_all              = (known after apply)
          [32m+[0m[0m throughput            = (known after apply)
          [32m+[0m[0m volume_id             = (known after apply)
          [32m+[0m[0m volume_size           = 30
          [32m+[0m[0m volume_type           = "gp3"
        }
    }

[1m  # module.bastion.aws_iam_instance_profile.bastion[0m will be created
[0m  [32m+[0m[0m resource "aws_iam_instance_profile" "bastion" {
      [32m+[0m[0m arn         = (known after apply)
      [32m+[0m[0m create_date = (known after apply)
      [32m+[0m[0m id          = (known after apply)
      [32m+[0m[0m name        = "bastion-profile-335507813633-my-eks-shop-cluster"
      [32m+[0m[0m name_prefix = (known after apply)
      [32m+[0m[0m path        = "/"
      [32m+[0m[0m role        = "bastion-role-335507813633-my-eks-shop-cluster"
      [32m+[0m[0m tags_all    = (known after apply)
      [32m+[0m[0m unique_id   = (known after apply)
    }

[1mPlan:[0m 3 to add, 0 to change, 0 to destroy.
[0m[0m[1maws_iam_instance_profile.bastion: Creating...[0m[0m
[0m[1mmodule.bastion.aws_iam_instance_profile.bastion: Creating...[0m[0m
[0m[1mmodule.bastion.aws_iam_instance_profile.bastion: Creation complete after 8s [id=bastion-profile-335507813633-my-eks-shop-cluster][0m
[31m╷[0m[0m
[31m│[0m [0m[1m[31mError: [0m[0m[1mcreating IAM Instance Profile (bastion-profile-335507813633-my-eks-shop-cluster): operation error IAM: CreateInstanceProfile, https response error StatusCode: 409, RequestID: f5aecc75-eb2d-4457-906a-c56481d26895, EntityAlreadyExists: Instance Profile bastion-profile-335507813633-my-eks-shop-cluster already exists.[0m
[31m│[0m [0m
[31m│[0m [0m[0m  with aws_iam_instance_profile.bastion,
[31m│[0m [0m  on main-bastion-setting.tf line 43, in resource "aws_iam_instance_profile" "bastion":
[31m│[0m [0m  43: resource "aws_iam_instance_profile" "bastion" [4m{[0m[0m
[31m│[0m [0m
[31m╵[0m[0m

❌ ERROR: line 147 while running: terraform -chdir="$TF_DIR" apply -auto-approve (exit=1)
👉 Full log: ./logs/bootstrap_20250909_110517.log
Dropping you into interactive shell (type: exit to quit)
