== Bootstrap started Tue, Sep  9, 2025  2:35:39 PM ==

==================== Cleaning up state and applying configuration =====================
Removed module.bastion.kubernetes_config_map.aws_auth
Successfully removed 1 resource instance(s).

==================== Running terraform apply =====================
[0m[1mInitializing the backend...[0m
[0m[1mUpgrading modules...[0m
- bastion in modules\BASTION
- dns in modules\DNS
- eks in modules\EKS
- rds in modules\RDS
- redis in modules\REDIS
- vpc in modules\VPC
[0m[1mInitializing provider plugins...[0m
- Finding hashicorp/aws versions matching "~> 5.0"...
- Finding hashicorp/kubernetes versions matching "~> 2.23"...
- Using previously-installed hashicorp/aws v5.100.0
- Using previously-installed hashicorp/kubernetes v2.38.0

[0m[1m[32mTerraform has been successfully initialized![0m[32m[0m
[0m[32m
You may now begin working with Terraform. Try running "terraform plan" to see
any changes that are required for your infrastructure. All Terraform commands
should now work.

If you ever set or change modules or backend configuration for Terraform,
rerun this command to reinitialize your working directory. If you forget, other
commands will detect it and remind you to do so if necessary.[0m
[0m[1mmodule.bastion.data.aws_ami.bastion: Reading...[0m[0m
[0m[1mdata.aws_caller_identity.current: Reading...[0m[0m
[0m[1mdata.aws_ami.bastion: Reading...[0m[0m
[0m[1mmodule.redis.aws_elasticache_parameter_group.redis: Refreshing state... [id=my-eks-shop-cluster-redis-params][0m
[0m[1mmodule.vpc.aws_eip.nat_eip: Refreshing state... [id=eipalloc-0f1db75f28753c751][0m
[0m[1maws_security_group.bastion: Refreshing state... [id=sg-0833ba59249d9714e][0m
[0m[1maws_instance.bastion: Refreshing state... [id=i-025ab581f9e19b4ad][0m
[0m[1mmodule.vpc.aws_vpc.main: Refreshing state... [id=vpc-0f01002dc010c4797][0m
[0m[1mdata.aws_caller_identity.current: Read complete after 0s [id=335507813633][0m
[0m[1mmodule.bastion.aws_iam_role.bastion: Refreshing state... [id=bastion-role-335507813633-my-eks-shop-cluster][0m
[0m[1mmodule.eks.aws_iam_role.shopping_mall_role: Refreshing state... [id=ShoppingMallPodRole-335507813633-my-eks-shop-cluster][0m
[0m[1mmodule.eks.aws_iam_role.eks_cluster: Refreshing state... [id=YourEKSClusterRole-335507813633-my-eks-shop-cluster][0m
[0m[1mmodule.eks.aws_iam_role.eks_node: Refreshing state... [id=YourEKSNodeRole-335507813633-my-eks-shop-cluster][0m
[0m[1mdata.aws_ami.bastion: Read complete after 0s [id=ami-0ae2c887094315bed][0m
[0m[1mmodule.vpc.aws_subnet.private1: Refreshing state... [id=subnet-0baacecc2ecd21547][0m
[0m[1mmodule.vpc.aws_internet_gateway.igw: Refreshing state... [id=igw-0e5181c15c62846dd][0m
[0m[1mmodule.vpc.aws_subnet.public2: Refreshing state... [id=subnet-0ebd02cda259e72d5][0m
[0m[1mmodule.vpc.aws_subnet.public1: Refreshing state... [id=subnet-0fc3462a545a1041d][0m
[0m[1mmodule.bastion.aws_security_group.bastion: Refreshing state... [id=sg-0c2ad7e58e7ac58a9][0m
[0m[1mmodule.rds.aws_security_group.db: Refreshing state... [id=sg-038e19791877a2518][0m
[0m[1mmodule.vpc.aws_subnet.private2: Refreshing state... [id=subnet-0b539bfe5869b67f8][0m
[0m[1mmodule.redis.aws_security_group.redis: Refreshing state... [id=sg-08dd492efd4d3130a][0m
[0m[1mmodule.vpc.aws_route_table.public: Refreshing state... [id=rtb-095273ac8a96176ac][0m
[0m[1mmodule.bastion.data.aws_ami.bastion: Read complete after 0s [id=ami-068d7b3dd93d9c2a6][0m
[0m[1mmodule.vpc.aws_nat_gateway.nat: Refreshing state... [id=nat-073ea2b1671d2581e][0m
[0m[1mmodule.vpc.aws_route_table.private: Refreshing state... [id=rtb-0cc039baa7fd7cb2a][0m
[0m[1mmodule.vpc.aws_route_table_association.public2: Refreshing state... [id=rtbassoc-09325d97ceeba47cf][0m
[0m[1mmodule.vpc.aws_route_table_association.public1: Refreshing state... [id=rtbassoc-066bd064f99d2da3b][0m
[0m[1mmodule.redis.aws_elasticache_subnet_group.redis: Refreshing state... [id=my-eks-shop-cluster-redis-subnet-group][0m
[0m[1mmodule.rds.aws_db_subnet_group.db: Refreshing state... [id=my-eks-shop-cluster-db-subnet-group][0m
[0m[1mmodule.vpc.aws_route_table_association.private1: Refreshing state... [id=rtbassoc-00aebced3ead895c5][0m
[0m[1mmodule.vpc.aws_route_table_association.private2: Refreshing state... [id=rtbassoc-0cae7777f4c26d464][0m
[0m[1mmodule.redis.aws_elasticache_cluster.redis: Refreshing state... [id=my-eks-shop-cluster-redis][0m
[0m[1mmodule.rds.aws_db_instance.db: Refreshing state... [id=db-LBRKWC7AXVYCOOUQMJSCFJA7VE][0m
[0m[1mmodule.eks.aws_iam_role_policy_attachment.cluster_policies[4]: Refreshing state... [id=YourEKSClusterRole-335507813633-my-eks-shop-cluster-20250909011040658100000009][0m
[0m[1mmodule.eks.aws_iam_role_policy_attachment.cluster_policies[2]: Refreshing state... [id=YourEKSClusterRole-335507813633-my-eks-shop-cluster-20250909011040616400000008][0m
[0m[1mmodule.eks.aws_iam_role_policy_attachment.cluster_policies[1]: Refreshing state... [id=YourEKSClusterRole-335507813633-my-eks-shop-cluster-2025090901104088920000000a][0m
[0m[1mmodule.eks.aws_iam_role_policy_attachment.cluster_policies[0]: Refreshing state... [id=YourEKSClusterRole-335507813633-my-eks-shop-cluster-20250909011040448500000007][0m
[0m[1mmodule.eks.aws_iam_role_policy_attachment.cluster_policies[3]: Refreshing state... [id=YourEKSClusterRole-335507813633-my-eks-shop-cluster-2025090901104121370000000b][0m
[0m[1mmodule.eks.aws_iam_role_policy_attachment.node_policies[0]: Refreshing state... [id=YourEKSNodeRole-335507813633-my-eks-shop-cluster-20250909011040116500000003][0m
[0m[1mmodule.eks.aws_iam_role_policy_attachment.node_policies[2]: Refreshing state... [id=YourEKSNodeRole-335507813633-my-eks-shop-cluster-20250909011040172500000004][0m
[0m[1mmodule.eks.aws_iam_role_policy_attachment.node_policies[1]: Refreshing state... [id=YourEKSNodeRole-335507813633-my-eks-shop-cluster-20250909011040333400000005][0m
[0m[1mmodule.eks.aws_eks_cluster.eks: Refreshing state... [id=my-eks-shop-cluster][0m
[0m[1mmodule.bastion.aws_iam_role_policy.bastion: Refreshing state... [id=bastion-role-335507813633-my-eks-shop-cluster:bastion-policy-335507813633-my-eks-shop-cluster][0m
[0m[1mmodule.eks.aws_iam_role_policy_attachment.shopping_mall_ecr_policy: Refreshing state... [id=ShoppingMallPodRole-335507813633-my-eks-shop-cluster-20250909011040377100000006][0m
[0m[1mmodule.bastion.aws_iam_instance_profile.bastion: Refreshing state... [id=bastion-profile-335507813633-my-eks-shop-cluster][0m
[0m[1mmodule.eks.aws_iam_role_policy.shopping_mall_policy: Refreshing state... [id=ShoppingMallPodRole-335507813633-my-eks-shop-cluster:ShoppingMallPolicy-335507813633-my-eks-shop-cluster][0m
[0m[1mdata.aws_eks_cluster_auth.eks: Reading...[0m[0m
[0m[1mmodule.eks.aws_eks_addon.vpc_cni: Refreshing state... [id=my-eks-shop-cluster:vpc-cni][0m
[0m[1mmodule.eks.aws_eks_addon.kube_proxy: Refreshing state... [id=my-eks-shop-cluster:kube-proxy][0m
[0m[1mmodule.eks.aws_eks_addon.pod_identity_agent: Refreshing state... [id=my-eks-shop-cluster:eks-pod-identity-agent][0m
[0m[1mdata.aws_eks_cluster_auth.eks: Read complete after 0s [id=my-eks-shop-cluster][0m
[0m[1mdata.aws_eks_cluster.eks: Reading...[0m[0m
[0m[1mdata.aws_eks_cluster.eks: Read complete after 0s [id=my-eks-shop-cluster][0m
[0m[1mmodule.eks.aws_eks_node_group.nodes: Refreshing state... [id=my-eks-shop-cluster:YourEKSNodeGroups][0m
[0m[1mmodule.bastion.aws_instance.bastion: Refreshing state... [id=i-00ef7abdd144b91c4][0m
[0m[1mkubernetes_cluster_role_binding.bastion_admin: Refreshing state... [id=bastion-admin-binding][0m
[0m[1mmodule.eks.aws_eks_addon.coredns: Refreshing state... [id=my-eks-shop-cluster:coredns][0m
[0m[1mmodule.eks.kubernetes_namespace.shop: Refreshing state... [id=shop][0m
[0m[1mmodule.eks.kubernetes_service_account.shopping_mall: Refreshing state... [id=shop/shopping-mall-sa][0m
[0m[1mmodule.eks.aws_eks_pod_identity_association.shopping_mall: Refreshing state... [id=a-90idhlfet1wps08vr][0m
[0m[1mmodule.dns.aws_iam_role.external_dns: Refreshing state... [id=external-dns-pod-identity-role-335507813633-my-eks-shop-cluster][0m
[0m[1mmodule.dns.aws_iam_policy.external_dns: Refreshing state... [id=arn:aws:iam::335507813633:policy/external-dns-route53-policy-335507813633-my-eks-shop-cluster][0m
[0m[1mmodule.dns.aws_iam_role_policy_attachment.external_dns_attach: Refreshing state... [id=external-dns-pod-identity-role-335507813633-my-eks-shop-cluster-20250909005943804700000002][0m
[0m[1mmodule.dns.aws_eks_pod_identity_association.external_dns: Refreshing state... [id=a-hlihk7ffnnt2jykq8][0m

Terraform used the selected providers to generate the following execution
plan. Resource actions are indicated with the following symbols:
  [32m+[0m create[0m
  [33m~[0m update in-place[0m
  [31m-[0m destroy[0m

Terraform will perform the following actions:

[1m  # aws_security_group.bastion[0m will be [1m[31mdestroyed[0m
  # (because aws_security_group.bastion is not in configuration)
[0m  [31m-[0m[0m resource "aws_security_group" "bastion" {
      [31m-[0m[0m arn                    = "arn:aws:ec2:ap-northeast-2:335507813633:security-group/sg-0833ba59249d9714e" [90m-> null[0m[0m
      [31m-[0m[0m description            = "Security group for bastion host" [90m-> null[0m[0m
      [31m-[0m[0m egress                 = [
          [31m-[0m[0m {
              [31m-[0m[0m cidr_blocks      = [
                  [31m-[0m[0m "0.0.0.0/0",
                ]
              [31m-[0m[0m from_port        = 0
              [31m-[0m[0m ipv6_cidr_blocks = []
              [31m-[0m[0m prefix_list_ids  = []
              [31m-[0m[0m protocol         = "-1"
              [31m-[0m[0m security_groups  = []
              [31m-[0m[0m self             = false
              [31m-[0m[0m to_port          = 0
                [90m# (1 unchanged attribute hidden)[0m[0m
            },
        ] [90m-> null[0m[0m
      [31m-[0m[0m id                     = "sg-0833ba59249d9714e" [90m-> null[0m[0m
      [31m-[0m[0m ingress                = [
          [31m-[0m[0m {
              [31m-[0m[0m cidr_blocks      = [
                  [31m-[0m[0m "0.0.0.0/0",
                ]
              [31m-[0m[0m description      = "Allow SSH from allowed CIDRs"
              [31m-[0m[0m from_port        = 22
              [31m-[0m[0m ipv6_cidr_blocks = []
              [31m-[0m[0m prefix_list_ids  = []
              [31m-[0m[0m protocol         = "tcp"
              [31m-[0m[0m security_groups  = []
              [31m-[0m[0m self             = false
              [31m-[0m[0m to_port          = 22
            },
        ] [90m-> null[0m[0m
      [31m-[0m[0m name                   = "my-eks-shop-cluster-bastion-20250909005953433300000004" [90m-> null[0m[0m
      [31m-[0m[0m name_prefix            = "my-eks-shop-cluster-bastion-" [90m-> null[0m[0m
      [31m-[0m[0m owner_id               = "335507813633" [90m-> null[0m[0m
      [31m-[0m[0m revoke_rules_on_delete = false [90m-> null[0m[0m
      [31m-[0m[0m tags                   = {
          [31m-[0m[0m "Name" = "my-eks-shop-cluster-bastion"
        } [90m-> null[0m[0m
      [31m-[0m[0m tags_all               = {
          [31m-[0m[0m "Name" = "my-eks-shop-cluster-bastion"
        } [90m-> null[0m[0m
      [31m-[0m[0m vpc_id                 = "vpc-0f01002dc010c4797" [90m-> null[0m[0m
    }

[1m  # kubernetes_cluster_role_binding.bastion_admin[0m will be [1m[31mdestroyed[0m
  # (because kubernetes_cluster_role_binding.bastion_admin is not in configuration)
[0m  [31m-[0m[0m resource "kubernetes_cluster_role_binding" "bastion_admin" {
      [31m-[0m[0m id = "bastion-admin-binding" [90m-> null[0m[0m

      [31m-[0m[0m metadata {
          [31m-[0m[0m annotations      = {} [90m-> null[0m[0m
          [31m-[0m[0m generation       = 0 [90m-> null[0m[0m
          [31m-[0m[0m labels           = {} [90m-> null[0m[0m
          [31m-[0m[0m name             = "bastion-admin-binding" [90m-> null[0m[0m
          [31m-[0m[0m resource_version = "7810" [90m-> null[0m[0m
          [31m-[0m[0m uid              = "a9e5cd9b-73a5-4973-86f8-1c76f314dfe8" [90m-> null[0m[0m
            [90m# (1 unchanged attribute hidden)[0m[0m
        }

      [31m-[0m[0m role_ref {
          [31m-[0m[0m api_group = "rbac.authorization.k8s.io" [90m-> null[0m[0m
          [31m-[0m[0m kind      = "ClusterRole" [90m-> null[0m[0m
          [31m-[0m[0m name      = "cluster-admin" [90m-> null[0m[0m
        }

      [31m-[0m[0m subject {
          [31m-[0m[0m api_group = "rbac.authorization.k8s.io" [90m-> null[0m[0m
          [31m-[0m[0m kind      = "Group" [90m-> null[0m[0m
          [31m-[0m[0m name      = "eks-admins" [90m-> null[0m[0m
          [31m-[0m[0m namespace = "default" [90m-> null[0m[0m
        }
    }

[1m  # kubernetes_config_map_v1.aws_auth[0m will be created
[0m  [32m+[0m[0m resource "kubernetes_config_map_v1" "aws_auth" {
      [32m+[0m[0m data = {
          [32m+[0m[0m "mapRoles" = <<-EOT
                - "groups":
                  - "system:masters"
                  "rolearn": "arn:aws:iam::335507813633:role/bastion-role-335507813633-my-eks-shop-cluster"
                  "username": "admin"
            EOT
        }
      [32m+[0m[0m id   = (known after apply)

      [32m+[0m[0m metadata {
          [32m+[0m[0m generation       = (known after apply)
          [32m+[0m[0m name             = "aws-auth"
          [32m+[0m[0m namespace        = "kube-system"
          [32m+[0m[0m resource_version = (known after apply)
          [32m+[0m[0m uid              = (known after apply)
        }
    }

[1m  # module.bastion.aws_instance.bastion[0m will be updated in-place
[0m  [33m~[0m[0m resource "aws_instance" "bastion" {
        id                                   = "i-00ef7abdd144b91c4"
      [33m~[0m[0m public_dns                           = "ec2-3-35-238-200.ap-northeast-2.compute.amazonaws.com" -> (known after apply)
      [33m~[0m[0m public_ip                            = "3.35.238.200" -> (known after apply)
      [33m~[0m[0m tags                                 = {
            "Name"      = "my-eks-shop-cluster-bastion"
          [32m+[0m[0m "Terraform" = "true"
        }
      [33m~[0m[0m tags_all                             = {
          [32m+[0m[0m "Terraform" = "true"
            [90m# (1 unchanged element hidden)[0m[0m
        }
      [33m~[0m[0m user_data                            = "54aa17086219072d461ec98815d5643b7f339f90" [33m->[0m[0m "7e1229951a5eba0ab8d3f088144124472f79d284"
        [90m# (36 unchanged attributes hidden)[0m[0m

        [90m# (8 unchanged blocks hidden)[0m[0m
    }

[1mPlan:[0m 1 to add, 1 to change, 2 to destroy.
[0m
Changes to Outputs:
  [33m~[0m[0m bastion_dns            = "ec2-3-35-238-200.ap-northeast-2.compute.amazonaws.com" -> (known after apply)
  [33m~[0m[0m bastion_public_ip      = "3.35.238.200" -> (known after apply)
[0m[1maws_security_group.bastion: Destroying... [id=sg-0833ba59249d9714e][0m[0m
[0m[1mkubernetes_cluster_role_binding.bastion_admin: Destroying... [id=bastion-admin-binding][0m[0m
[0m[1mkubernetes_config_map_v1.aws_auth: Creating...[0m[0m
[0m[1mkubernetes_cluster_role_binding.bastion_admin: Destruction complete after 0s[0m
[0m[1mmodule.bastion.aws_instance.bastion: Modifying... [id=i-00ef7abdd144b91c4][0m[0m
[0m[1maws_security_group.bastion: Destruction complete after 1s[0m
[0m[1mmodule.bastion.aws_instance.bastion: Still modifying... [id=i-00ef7abdd144b91c4, 00m10s elapsed][0m[0m
[0m[1mmodule.bastion.aws_instance.bastion: Still modifying... [id=i-00ef7abdd144b91c4, 00m20s elapsed][0m[0m
[0m[1mmodule.bastion.aws_instance.bastion: Still modifying... [id=i-00ef7abdd144b91c4, 00m30s elapsed][0m[0m
[0m[1mmodule.bastion.aws_instance.bastion: Still modifying... [id=i-00ef7abdd144b91c4, 00m40s elapsed][0m[0m
[0m[1mmodule.bastion.aws_instance.bastion: Modifications complete after 43s [id=i-00ef7abdd144b91c4][0m
[31m╷[0m[0m
[31m│[0m [0m[1m[31mError: [0m[0m[1mconfigmaps "aws-auth" already exists[0m
[31m│[0m [0m
[31m│[0m [0m[0m  with kubernetes_config_map_v1.aws_auth,
[31m│[0m [0m  on main-root.tf line 113, in resource "kubernetes_config_map_v1" "aws_auth":
[31m│[0m [0m 113: resource "kubernetes_config_map_v1" "aws_auth" [4m{[0m[0m
[31m│[0m [0m
[31m╵[0m[0m

❌ ERROR: line 153 while running: terraform -chdir="$TF_DIR" apply -auto-approve (exit=1)
👉 Full log: ./logs/bootstrap_20250909_143539.log
Dropping you into interactive shell (type: exit to quit)
bash: line 1: ㄷ턋: command not found
